{
  "nodes": {
    "flake-utils": {
      "inputs": {
        "systems": "systems"
      },
      "locked": {
        "lastModified": 1687709756,
        "narHash": "sha256-Y5wKlQSkgEK2weWdOu4J3riRd+kV/VCgHsqLNTTWQ/0=",
        "owner": "numtide",
        "repo": "flake-utils",
        "rev": "dbabf0ca0c0c4bce6ea5eaf65af5cb694d2082c7",
        "type": "github"
      },
      "original": {
        "owner": "numtide",
        "repo": "flake-utils",
        "type": "github"
      }
    },
    "flake-utils_2": {
      "locked": {
        "lastModified": 1659877975,
        "narHash": "sha256-zllb8aq3YO3h8B/U0/J1WBgAL8EX5yWf5pMj3G0NAmc=",
        "owner": "numtide",
        "repo": "flake-utils",
        "rev": "c0e246b9b83f637f4681389ecabcb2681b4f3af0",
        "type": "github"
      },
      "original": {
        "owner": "numtide",
        "repo": "flake-utils",
        "type": "github"
      }
    },
    "home-manager": {
      "inputs": {
        "nixpkgs": [
          "nixpkgs-stable"
        ]
      },
      "locked": {
        "lastModified": 1687871164,
        "narHash": "sha256-bBFlPthuYX322xOlpJvkjUBz0C+MOBjZdDOOJJ+G2jU=",
        "owner": "nix-community",
        "repo": "home-manager",
        "rev": "07c347bb50994691d7b0095f45ebd8838cf6bc38",
        "type": "github"
      },
      "original": {
        "owner": "nix-community",
        "ref": "release-23.05",
        "repo": "home-manager",
        "type": "github"
      }
    },
    "jlink-pack": {
      "inputs": {
        "nixpkgs": [
          "nixpkgs-unstable"
        ]
      },
      "locked": {
        "lastModified": 1678699570,
        "narHash": "sha256-A3mW0JDZOsU6lm6QEyOnTQ227Z8BMDvJTiRJbo07vrI=",
        "owner": "prtzl",
        "repo": "jlink-nix",
        "rev": "d8ffe7feec54ec5dcf695e242efb6507d91ea792",
        "type": "github"
      },
      "original": {
        "owner": "prtzl",
        "repo": "jlink-nix",
        "type": "github"
      }
    },
    "nix-filter": {
      "locked": {
        "lastModified": 1687178632,
        "narHash": "sha256-HS7YR5erss0JCaUijPeyg2XrisEb959FIct3n2TMGbE=",
        "owner": "numtide",
        "repo": "nix-filter",
        "rev": "d90c75e8319d0dd9be67d933d8eb9d0894ec9174",
        "type": "github"
      },
      "original": {
        "owner": "numtide",
        "repo": "nix-filter",
        "type": "github"
      }
    },
    "nix-monitored": {
      "inputs": {
        "nix-filter": "nix-filter",
        "nixpkgs": [
          "nixpkgs-unstable"
        ]
      },
      "locked": {
        "lastModified": 1687717180,
        "narHash": "sha256-zAZhSZ+w3gnBf+TRfx0iMrD++v4GIutFSEZlA1ZK6RY=",
        "owner": "ners",
        "repo": "nix-monitored",
        "rev": "b08ac51a96def86b34e0b7ca2083b78b4ed92a96",
        "type": "github"
      },
      "original": {
        "owner": "ners",
        "repo": "nix-monitored",
        "type": "github"
      }
    },
    "nixgl": {
      "inputs": {
        "flake-utils": "flake-utils_2",
        "nixpkgs": [
          "nixpkgs-unstable"
        ]
      },
      "locked": {
        "lastModified": 1685908677,
        "narHash": "sha256-E4zUPEUFyVWjVm45zICaHRpfGepfkE9Z2OECV9HXfA4=",
        "owner": "guibou",
        "repo": "nixGL",
        "rev": "489d6b095ab9d289fe11af0219a9ff00fe87c7c5",
        "type": "github"
      },
      "original": {
        "owner": "guibou",
        "repo": "nixGL",
        "type": "github"
      }
    },
    "nixos-hardware": {
      "locked": {
        "lastModified": 1688966833,
        "narHash": "sha256-9ilzbSwArZmDjT/g1XYD+KYOFfmoS0WOYXSQBvZDIv4=",
        "owner": "NixOS",
        "repo": "nixos-hardware",
        "rev": "f0984a5a303659bc9b73895c82a85fdfae40b87a",
        "type": "github"
      },
      "original": {
        "owner": "NixOS",
        "repo": "nixos-hardware",
        "type": "github"
      }
    },
    "nixpkgs-matej": {
      "locked": {
        "lastModified": 1672786751,
        "narHash": "sha256-p2n/Jk1nlXIcbNU4zl4QNw5Lw4gpCEUBdtIxegeGr+U=",
        "owner": "prtzl",
        "repo": "nixpkgs",
        "rev": "c85124d7882518f29b1f57904c61ac6a93ea3836",
        "type": "github"
      },
      "original": {
        "owner": "prtzl",
        "ref": "patch",
        "repo": "nixpkgs",
        "type": "github"
      }
    },
    "nixpkgs-nvim": {
      "locked": {
        "lastModified": 1666703756,
        "narHash": "sha256-GwpMJ1hT+z1fMAUkaGtvbvofJQwdVFDEGVhfE82+AUk=",
        "owner": "nixos",
        "repo": "nixpkgs",
        "rev": "f994293d1eb8812f032e8919e10a594567cf6ef7",
        "type": "github"
      },
      "original": {
        "owner": "nixos",
        "repo": "nixpkgs",
        "rev": "f994293d1eb8812f032e8919e10a594567cf6ef7",
        "type": "github"
      }
    },
    "nixpkgs-stable": {
      "locked": {
        "lastModified": 1688939073,
        "narHash": "sha256-jYhYjeK5s6k8QS3i+ovq9VZqBJaWbxm7awTKNhHL9d0=",
        "owner": "nixos",
        "repo": "nixpkgs",
        "rev": "8df7a67abaf8aefc8a2839e0b48f92fdcf69a38b",
        "type": "github"
      },
      "original": {
        "owner": "nixos",
        "ref": "nixos-23.05",
        "repo": "nixpkgs",
        "type": "github"
      }
    },
    "nixpkgs-unstable": {
      "locked": {
        "lastModified": 1688918189,
        "narHash": "sha256-f8ZlJ67LgEUDnN7ZsAyd1/Fyby1VdOXWg4XY/irSGrQ=",
        "owner": "nixos",
        "repo": "nixpkgs",
        "rev": "408c0e8c15a1c9cf5c3226931b6f283c9867c484",
        "type": "github"
      },
      "original": {
        "owner": "nixos",
        "ref": "nixos-unstable",
        "repo": "nixpkgs",
        "type": "github"
      }
    },
    "root": {
      "inputs": {
        "flake-utils": "flake-utils",
        "home-manager": "home-manager",
        "jlink-pack": "jlink-pack",
        "nix-monitored": "nix-monitored",
        "nixgl": "nixgl",
        "nixos-hardware": "nixos-hardware",
        "nixpkgs-matej": "nixpkgs-matej",
        "nixpkgs-nvim": "nixpkgs-nvim",
        "nixpkgs-stable": "nixpkgs-stable",
        "nixpkgs-unstable": "nixpkgs-unstable"
      }
    },
    "systems": {
      "locked": {
        "lastModified": 1681028828,
        "narHash": "sha256-Vy1rq5AaRuLzOxct8nz4T6wlgyUR7zLU309k9mBC768=",
        "owner": "nix-systems",
        "repo": "default",
        "rev": "da67096a3b9bf56a91d16901293e51ba5b49a27e",
        "type": "github"
      },
      "original": {
        "owner": "nix-systems",
        "repo": "default",
        "type": "github"
      }
    }
  },
  "root": "root",
  "version": 7
}
